<?xml version="1.0" encoding="utf-8"?>
<Project ToolsVersion="4.0" xmlns="http://schemas.microsoft.com/developer/msbuild/2003">
  <ItemGroup>
    <Filter Include="deprecated">
      <UniqueIdentifier>{F602F355-E2BA-34A3-4BC2-0DFF3799CF93}</UniqueIdentifier>
    </Filter>
    <Filter Include="tests">
      <UniqueIdentifier>{78756B10-E489-93C1-AD0B-372119DF8FF2}</UniqueIdentifier>
    </Filter>
    <Filter Include="tests\caveview">
      <UniqueIdentifier>{C119D977-ADE7-CC7D-967B-3DA482E8A8E2}</UniqueIdentifier>
    </Filter>
    <Filter Include="tests\oversample">
      <UniqueIdentifier>{25A904C2-11A2-2314-3AD4-0899262C0320}</UniqueIdentifier>
    </Filter>
    <Filter Include="tests\prerelease">
      <UniqueIdentifier>{0FA937D4-FBA1-5626-24D4-3BAB102C3632}</UniqueIdentifier>
    </Filter>
  </ItemGroup>
  <ItemGroup>
    <ClInclude Include="deprecated\rrsprintf.h">
      <Filter>deprecated</Filter>
    </ClInclude>
    <ClInclude Include="deprecated\stb.h">
      <Filter>deprecated</Filter>
    </ClInclude>
    <ClInclude Include="deprecated\stretchy_buffer.h">
      <Filter>deprecated</Filter>
    </ClInclude>
    <ClInclude Include="stb_c_lexer.h" />
    <ClInclude Include="stb_connected_components.h" />
    <ClInclude Include="stb_divide.h" />
    <ClInclude Include="stb_ds.h" />
    <ClInclude Include="stb_dxt.h" />
    <ClInclude Include="stb_easy_font.h" />
    <ClInclude Include="stb_herringbone_wang_tile.h" />
    <ClInclude Include="stb_hexwave.h" />
    <ClInclude Include="stb_image.h" />
    <ClInclude Include="stb_image_resize.h" />
    <ClInclude Include="stb_image_write.h" />
    <ClInclude Include="stb_include.h" />
    <ClInclude Include="stb_leakcheck.h" />
    <ClInclude Include="stb_perlin.h" />
    <ClInclude Include="stb_rect_pack.h" />
    <ClInclude Include="stb_sprintf.h" />
    <ClInclude Include="stb_textedit.h" />
    <ClInclude Include="stb_tilemap_editor.h" />
    <ClInclude Include="stb_truetype.h" />
    <ClInclude Include="stb_voxel_render.h" />
    <ClInclude Include="tests\caveview\cave_parse.h">
      <Filter>tests\caveview</Filter>
    </ClInclude>
    <ClInclude Include="tests\caveview\caveview.h">
      <Filter>tests\caveview</Filter>
    </ClInclude>
    <ClInclude Include="tests\caveview\glext.h">
      <Filter>tests\caveview</Filter>
    </ClInclude>
    <ClInclude Include="tests\caveview\glext_list.h">
      <Filter>tests\caveview</Filter>
    </ClInclude>
    <ClInclude Include="tests\caveview\stb_gl.h">
      <Filter>tests\caveview</Filter>
    </ClInclude>
    <ClInclude Include="tests\caveview\stb_glprog.h">
      <Filter>tests\caveview</Filter>
    </ClInclude>
    <ClInclude Include="tests\oversample\stb_wingraph.h">
      <Filter>tests\oversample</Filter>
    </ClInclude>
    <ClInclude Include="tests\prerelease\stb_lib.h">
      <Filter>tests\prerelease</Filter>
    </ClInclude>
  </ItemGroup>
  <ItemGroup>
    <ClCompile Include="stb_image.cpp" />
    <ClCompile Include="stb_image_resize.cpp" />
    <ClCompile Include="stb_image_write.cpp" />
    <ClCompile Include="stb_rect_pack.cpp" />
    <ClCompile Include="stb_sprintf.cpp" />
    <ClCompile Include="stb_truetype.cpp" />
    <ClCompile Include="stb_vorbis.cpp" />
    <ClCompile Include="tests\resample_test.cpp">
      <Filter>tests</Filter>
    </ClCompile>
    <ClCompile Include="tests\stb_c_lexer_fuzzer.cpp">
      <Filter>tests</Filter>
    </ClCompile>
    <ClCompile Include="tests\stb_cpp.cpp">
      <Filter>tests</Filter>
    </ClCompile>
    <ClCompile Include="tests\test_cpp_compilation.cpp">
      <Filter>tests</Filter>
    </ClCompile>
    <ClCompile Include="tests\test_ds_cpp.cpp">
      <Filter>tests</Filter>
    </ClCompile>
  </ItemGroup>
</Project>